
Microsoft Visual Studio Solution File, Format Version 12.00
# Visual Studio Version 17
VisualStudioVersion = 17.5.002.0
MinimumVisualStudioVersion = 10.0.40219.1
Project("{2150E333-8FDC-42A3-9474-1A3956D46DE8}") = "csharp-prep", "csharp-prep", "{A0343EB0-72E2-4D6B-94F9-39C879C13BBE}"
EndProject
Project("{9A19103F-16F7-4668-BE54-9A1E7A4F7556}") = "Prep1", "csharp-prep\Prep1\Prep1.csproj", "{55167075-5672-40F3-BB75-5119E1C12755}"
EndProject
Project("{9A19103F-16F7-4668-BE54-9A1E7A4F7556}") = "Prep2", "csharp-prep\Prep2\Prep2.csproj", "{C2466C2C-0399-4DB6-8CEC-FBAF6E2D48E7}"
EndProject
Project("{9A19103F-16F7-4668-BE54-9A1E7A4F7556}") = "Prep3", "csharp-prep\Prep3\Prep3.csproj", "{8D47F8A4-7E52-46CA-9487-AC35FB327311}"
EndProject
Project("{9A19103F-16F7-4668-BE54-9A1E7A4F7556}") = "Prep4", "csharp-prep\Prep4\Prep4.csproj", "{5D61D47E-2B92-4447-B413-AE1E32FA3C6C}"
EndProject
Project("{9A19103F-16F7-4668-BE54-9A1E7A4F7556}") = "Prep5", "csharp-prep\Prep5\Prep5.csproj", "{A0587A39-BC35-430D-B95E-9B39E65BDEF4}"
EndProject
Project("{2150E333-8FDC-42A3-9474-1A3956D46DE8}") = "final", "final", "{7104F267-F338-45B8-A99B-F6BEABDA61B1}"
EndProject
Project("{9A19103F-16F7-4668-BE54-9A1E7A4F7556}") = "FinalProject", "final\FinalProject\FinalProject.csproj", "{967E9BA3-906E-4D63-9DBD-6C67E6193427}"
EndProject
Project("{9A19103F-16F7-4668-BE54-9A1E7A4F7556}") = "Foundation1", "final\Foundation1\Foundation1.csproj", "{8E7F006D-4BD9-4623-B50D-EE2CDCBB465F}"
EndProject
Project("{9A19103F-16F7-4668-BE54-9A1E7A4F7556}") = "Foundation2", "final\Foundation2\Foundation2.csproj", "{9C9F26F9-6C22-458D-BF2A-0315B75CCDAB}"
EndProject
Project("{9A19103F-16F7-4668-BE54-9A1E7A4F7556}") = "Foundation3", "final\Foundation3\Foundation3.csproj", "{EB24A73E-96C7-40A0-9218-426FD1F176D0}"
EndProject
Project("{9A19103F-16F7-4668-BE54-9A1E7A4F7556}") = "Foundation4", "final\Foundation4\Foundation4.csproj", "{A1DC8F10-C00D-4DDC-AD09-0C00F055DD51}"
EndProject
Project("{2150E333-8FDC-42A3-9474-1A3956D46DE8}") = "prepare", "prepare", "{1F3CFC14-F8CD-49E9-AEC7-80B48B13DFCE}"
EndProject
Project("{9A19103F-16F7-4668-BE54-9A1E7A4F7556}") = "Learning02", "prepare\Learning02\Learning02.csproj", "{3AD4B662-F02A-4FA2-BEE2-B7DA31D37A0D}"
EndProject
Project("{9A19103F-16F7-4668-BE54-9A1E7A4F7556}") = "Learning03", "prepare\Learning03\Learning03.csproj", "{C8A64F29-9DAF-4484-B896-3BA63521A91A}"
EndProject
Project("{9A19103F-16F7-4668-BE54-9A1E7A4F7556}") = "Learning04", "prepare\Learning04\Learning04.csproj", "{DDCB278D-2C07-4CCD-9B21-2999B9FCBD3F}"
EndProject
Project("{9A19103F-16F7-4668-BE54-9A1E7A4F7556}") = "Learning05", "prepare\Learning05\Learning05.csproj", "{077776EC-CD1C-4D03-8B8C-658E3A3683CC}"
EndProject
Project("{2150E333-8FDC-42A3-9474-1A3956D46DE8}") = "prove", "prove", "{154D82E3-4607-40AA-B2CD-B6F4B179AF5B}"
EndProject
Project("{9A19103F-16F7-4668-BE54-9A1E7A4F7556}") = "Develop02", "prove\Develop02\Develop02.csproj", "{EBC5F1D6-DD97-461D-BC57-9F081B0AA8BC}"
EndProject
Project("{9A19103F-16F7-4668-BE54-9A1E7A4F7556}") = "Develop03", "prove\Develop03\Develop03.csproj", "{E141CEB7-FEA0-4A55-95E5-74143D84D4A4}"
EndProject
Project("{9A19103F-16F7-4668-BE54-9A1E7A4F7556}") = "Develop04", "prove\Develop04\Develop04.csproj", "{2F97DE4F-D3A7-4A43-A5E6-40D59D0450EF}"
EndProject
Project("{9A19103F-16F7-4668-BE54-9A1E7A4F7556}") = "Develop05", "prove\Develop05\Develop05.csproj", "{D29BB79F-80AA-45A4-B142-033C1E8FCC5C}"
EndProject
Project("{2150E333-8FDC-42A3-9474-1A3956D46DE8}") = "sandbox", "sandbox", "{3D23CA4C-09D5-4B3A-B0BB-5759EB850B1D}"
EndProject
Project("{9A19103F-16F7-4668-BE54-9A1E7A4F7556}") = "Sandbox", "sandbox\Sandbox\Sandbox.csproj", "{C5146199-A6F6-4A76-BF10-189B0D9BE4E1}"
EndProject
Global
	GlobalSection(SolutionConfigurationPlatforms) = preSolution
		Debug|Any CPU = Debug|Any CPU
		Release|Any CPU = Release|Any CPU
	EndGlobalSection
	GlobalSection(ProjectConfigurationPlatforms) = postSolution
		{55167075-5672-40F3-BB75-5119E1C12755}.Debug|Any CPU.ActiveCfg = Debug|Any CPU
		{55167075-5672-40F3-BB75-5119E1C12755}.Debug|Any CPU.Build.0 = Debug|Any CPU
		{55167075-5672-40F3-BB75-5119E1C12755}.Release|Any CPU.ActiveCfg = Release|Any CPU
		{55167075-5672-40F3-BB75-5119E1C12755}.Release|Any CPU.Build.0 = Release|Any CPU
		{C2466C2C-0399-4DB6-8CEC-FBAF6E2D48E7}.Debug|Any CPU.ActiveCfg = Debug|Any CPU
		{C2466C2C-0399-4DB6-8CEC-FBAF6E2D48E7}.Debug|Any CPU.Build.0 = Debug|Any CPU
		{C2466C2C-0399-4DB6-8CEC-FBAF6E2D48E7}.Release|Any CPU.ActiveCfg = Release|Any CPU
		{C2466C2C-0399-4DB6-8CEC-FBAF6E2D48E7}.Release|Any CPU.Build.0 = Release|Any CPU
		{8D47F8A4-7E52-46CA-9487-AC35FB327311}.Debug|Any CPU.ActiveCfg = Debug|Any CPU
		{8D47F8A4-7E52-46CA-9487-AC35FB327311}.Debug|Any CPU.Build.0 = Debug|Any CPU
		{8D47F8A4-7E52-46CA-9487-AC35FB327311}.Release|Any CPU.ActiveCfg = Release|Any CPU
		{8D47F8A4-7E52-46CA-9487-AC35FB327311}.Release|Any CPU.Build.0 = Release|Any CPU
		{5D61D47E-2B92-4447-B413-AE1E32FA3C6C}.Debug|Any CPU.ActiveCfg = Debug|Any CPU
		{5D61D47E-2B92-4447-B413-AE1E32FA3C6C}.Debug|Any CPU.Build.0 = Debug|Any CPU
		{5D61D47E-2B92-4447-B413-AE1E32FA3C6C}.Release|Any CPU.ActiveCfg = Release|Any CPU
		{5D61D47E-2B92-4447-B413-AE1E32FA3C6C}.Release|Any CPU.Build.0 = Release|Any CPU
		{A0587A39-BC35-430D-B95E-9B39E65BDEF4}.Debug|Any CPU.ActiveCfg = Debug|Any CPU
		{A0587A39-BC35-430D-B95E-9B39E65BDEF4}.Debug|Any CPU.Build.0 = Debug|Any CPU
		{A0587A39-BC35-430D-B95E-9B39E65BDEF4}.Release|Any CPU.ActiveCfg = Release|Any CPU
		{A0587A39-BC35-430D-B95E-9B39E65BDEF4}.Release|Any CPU.Build.0 = Release|Any CPU
		{967E9BA3-906E-4D63-9DBD-6C67E6193427}.Debug|Any CPU.ActiveCfg = Debug|Any CPU
		{967E9BA3-906E-4D63-9DBD-6C67E6193427}.Debug|Any CPU.Build.0 = Debug|Any CPU
		{967E9BA3-906E-4D63-9DBD-6C67E6193427}.Release|Any CPU.ActiveCfg = Release|Any CPU
		{967E9BA3-906E-4D63-9DBD-6C67E6193427}.Release|Any CPU.Build.0 = Release|Any CPU
		{8E7F006D-4BD9-4623-B50D-EE2CDCBB465F}.Debug|Any CPU.ActiveCfg = Debug|Any CPU
		{8E7F006D-4BD9-4623-B50D-EE2CDCBB465F}.Debug|Any CPU.Build.0 = Debug|Any CPU
		{8E7F006D-4BD9-4623-B50D-EE2CDCBB465F}.Release|Any CPU.ActiveCfg = Release|Any CPU
		{8E7F006D-4BD9-4623-B50D-EE2CDCBB465F}.Release|Any CPU.Build.0 = Release|Any CPU
		{9C9F26F9-6C22-458D-BF2A-0315B75CCDAB}.Debug|Any CPU.ActiveCfg = Debug|Any CPU
		{9C9F26F9-6C22-458D-BF2A-0315B75CCDAB}.Debug|Any CPU.Build.0 = Debug|Any CPU
		{9C9F26F9-6C22-458D-BF2A-0315B75CCDAB}.Release|Any CPU.ActiveCfg = Release|Any CPU
		{9C9F26F9-6C22-458D-BF2A-0315B75CCDAB}.Release|Any CPU.Build.0 = Release|Any CPU
		{EB24A73E-96C7-40A0-9218-426FD1F176D0}.Debug|Any CPU.ActiveCfg = Debug|Any CPU
		{EB24A73E-96C7-40A0-9218-426FD1F176D0}.Debug|Any CPU.Build.0 = Debug|Any CPU
		{EB24A73E-96C7-40A0-9218-426FD1F176D0}.Release|Any CPU.ActiveCfg = Release|Any CPU
		{EB24A73E-96C7-40A0-9218-426FD1F176D0}.Release|Any CPU.Build.0 = Release|Any CPU
		{A1DC8F10-C00D-4DDC-AD09-0C00F055DD51}.Debug|Any CPU.ActiveCfg = Debug|Any CPU
		{A1DC8F10-C00D-4DDC-AD09-0C00F055DD51}.Debug|Any CPU.Build.0 = Debug|Any CPU
		{A1DC8F10-C00D-4DDC-AD09-0C00F055DD51}.Release|Any CPU.ActiveCfg = Release|Any CPU
		{A1DC8F10-C00D-4DDC-AD09-0C00F055DD51}.Release|Any CPU.Build.0 = Release|Any CPU
		{3AD4B662-F02A-4FA2-BEE2-B7DA31D37A0D}.Debug|Any CPU.ActiveCfg = Debug|Any CPU
		{3AD4B662-F02A-4FA2-BEE2-B7DA31D37A0D}.Debug|Any CPU.Build.0 = Debug|Any CPU
		{3AD4B662-F02A-4FA2-BEE2-B7DA31D37A0D}.Release|Any CPU.ActiveCfg = Release|Any CPU
		{3AD4B662-F02A-4FA2-BEE2-B7DA31D37A0D}.Release|Any CPU.Build.0 = Release|Any CPU
		{C8A64F29-9DAF-4484-B896-3BA63521A91A}.Debug|Any CPU.ActiveCfg = Debug|Any CPU
		{C8A64F29-9DAF-4484-B896-3BA63521A91A}.Debug|Any CPU.Build.0 = Debug|Any CPU
		{C8A64F29-9DAF-4484-B896-3BA63521A91A}.Release|Any CPU.ActiveCfg = Release|Any CPU
		{C8A64F29-9DAF-4484-B896-3BA63521A91A}.Release|Any CPU.Build.0 = Release|Any CPU
		{DDCB278D-2C07-4CCD-9B21-2999B9FCBD3F}.Debug|Any CPU.ActiveCfg = Debug|Any CPU
		{DDCB278D-2C07-4CCD-9B21-2999B9FCBD3F}.Debug|Any CPU.Build.0 = Debug|Any CPU
		{DDCB278D-2C07-4CCD-9B21-2999B9FCBD3F}.Release|Any CPU.ActiveCfg = Release|Any CPU
		{DDCB278D-2C07-4CCD-9B21-2999B9FCBD3F}.Release|Any CPU.Build.0 = Release|Any CPU
		{077776EC-CD1C-4D03-8B8C-658E3A3683CC}.Debug|Any CPU.ActiveCfg = Debug|Any CPU
		{077776EC-CD1C-4D03-8B8C-658E3A3683CC}.Debug|Any CPU.Build.0 = Debug|Any CPU
		{077776EC-CD1C-4D03-8B8C-658E3A3683CC}.Release|Any CPU.ActiveCfg = Release|Any CPU
		{077776EC-CD1C-4D03-8B8C-658E3A3683CC}.Release|Any CPU.Build.0 = Release|Any CPU
		{EBC5F1D6-DD97-461D-BC57-9F081B0AA8BC}.Debug|Any CPU.ActiveCfg = Debug|Any CPU
		{EBC5F1D6-DD97-461D-BC57-9F081B0AA8BC}.Debug|Any CPU.Build.0 = Debug|Any CPU
		{EBC5F1D6-DD97-461D-BC57-9F081B0AA8BC}.Release|Any CPU.ActiveCfg = Release|Any CPU
		{EBC5F1D6-DD97-461D-BC57-9F081B0AA8BC}.Release|Any CPU.Build.0 = Release|Any CPU
		{E141CEB7-FEA0-4A55-95E5-74143D84D4A4}.Debug|Any CPU.ActiveCfg = Debug|Any CPU
		{E141CEB7-FEA0-4A55-95E5-74143D84D4A4}.Debug|Any CPU.Build.0 = Debug|Any CPU
		{E141CEB7-FEA0-4A55-95E5-74143D84D4A4}.Release|Any CPU.ActiveCfg = Release|Any CPU
		{E141CEB7-FEA0-4A55-95E5-74143D84D4A4}.Release|Any CPU.Build.0 = Release|Any CPU
		{2F97DE4F-D3A7-4A43-A5E6-40D59D0450EF}.Debug|Any CPU.ActiveCfg = Debug|Any CPU
		{2F97DE4F-D3A7-4A43-A5E6-40D59D0450EF}.Debug|Any CPU.Build.0 = Debug|Any CPU
		{2F97DE4F-D3A7-4A43-A5E6-40D59D0450EF}.Release|Any CPU.ActiveCfg = Release|Any CPU
		{2F97DE4F-D3A7-4A43-A5E6-40D59D0450EF}.Release|Any CPU.Build.0 = Release|Any CPU
		{D29BB79F-80AA-45A4-B142-033C1E8FCC5C}.Debug|Any CPU.ActiveCfg = Debug|Any CPU
		{D29BB79F-80AA-45A4-B142-033C1E8FCC5C}.Debug|Any CPU.Build.0 = Debug|Any CPU
		{D29BB79F-80AA-45A4-B142-033C1E8FCC5C}.Release|Any CPU.ActiveCfg = Release|Any CPU
		{D29BB79F-80AA-45A4-B142-033C1E8FCC5C}.Release|Any CPU.Build.0 = Release|Any CPU
		{C5146199-A6F6-4A76-BF10-189B0D9BE4E1}.Debug|Any CPU.ActiveCfg = Debug|Any CPU
		{C5146199-A6F6-4A76-BF10-189B0D9BE4E1}.Debug|Any CPU.Build.0 = Debug|Any CPU
		{C5146199-A6F6-4A76-BF10-189B0D9BE4E1}.Release|Any CPU.ActiveCfg = Release|Any CPU
		{C5146199-A6F6-4A76-BF10-189B0D9BE4E1}.Release|Any CPU.Build.0 = Release|Any CPU
	EndGlobalSection
	GlobalSection(SolutionProperties) = preSolution
		HideSolutionNode = FALSE
	EndGlobalSection
	GlobalSection(NestedProjects) = preSolution
		{55167075-5672-40F3-BB75-5119E1C12755} = {A0343EB0-72E2-4D6B-94F9-39C879C13BBE}
		{C2466C2C-0399-4DB6-8CEC-FBAF6E2D48E7} = {A0343EB0-72E2-4D6B-94F9-39C879C13BBE}
		{8D47F8A4-7E52-46CA-9487-AC35FB327311} = {A0343EB0-72E2-4D6B-94F9-39C879C13BBE}
		{5D61D47E-2B92-4447-B413-AE1E32FA3C6C} = {A0343EB0-72E2-4D6B-94F9-39C879C13BBE}
		{A0587A39-BC35-430D-B95E-9B39E65BDEF4} = {A0343EB0-72E2-4D6B-94F9-39C879C13BBE}
		{967E9BA3-906E-4D63-9DBD-6C67E6193427} = {7104F267-F338-45B8-A99B-F6BEABDA61B1}
		{8E7F006D-4BD9-4623-B50D-EE2CDCBB465F} = {7104F267-F338-45B8-A99B-F6BEABDA61B1}
		{9C9F26F9-6C22-458D-BF2A-0315B75CCDAB} = {7104F267-F338-45B8-A99B-F6BEABDA61B1}
		{EB24A73E-96C7-40A0-9218-426FD1F176D0} = {7104F267-F338-45B8-A99B-F6BEABDA61B1}
		{A1DC8F10-C00D-4DDC-AD09-0C00F055DD51} = {7104F267-F338-45B8-A99B-F6BEABDA61B1}
		{3AD4B662-F02A-4FA2-BEE2-B7DA31D37A0D} = {1F3CFC14-F8CD-49E9-AEC7-80B48B13DFCE}
		{C8A64F29-9DAF-4484-B896-3BA63521A91A} = {1F3CFC14-F8CD-49E9-AEC7-80B48B13DFCE}
		{DDCB278D-2C07-4CCD-9B21-2999B9FCBD3F} = {1F3CFC14-F8CD-49E9-AEC7-80B48B13DFCE}
		{077776EC-CD1C-4D03-8B8C-658E3A3683CC} = {1F3CFC14-F8CD-49E9-AEC7-80B48B13DFCE}
		{EBC5F1D6-DD97-461D-BC57-9F081B0AA8BC} = {154D82E3-4607-40AA-B2CD-B6F4B179AF5B}
		{E141CEB7-FEA0-4A55-95E5-74143D84D4A4} = {154D82E3-4607-40AA-B2CD-B6F4B179AF5B}
		{2F97DE4F-D3A7-4A43-A5E6-40D59D0450EF} = {154D82E3-4607-40AA-B2CD-B6F4B179AF5B}
		{D29BB79F-80AA-45A4-B142-033C1E8FCC5C} = {154D82E3-4607-40AA-B2CD-B6F4B179AF5B}
		{C5146199-A6F6-4A76-BF10-189B0D9BE4E1} = {3D23CA4C-09D5-4B3A-B0BB-5759EB850B1D}
	EndGlobalSection
	GlobalSection(ExtensibilityGlobals) = postSolution
		SolutionGuid = {2F4A03FE-0979-4FB3-A436-FEC016682B16}
	EndGlobalSection
EndGlobal
